
Microsoft Visual Studio Solution File, Format Version 12.00
# Visual Studio 15
VisualStudioVersion = 15.0.28307.168
MinimumVisualStudioVersion = 10.0.40219.1
Project("{E24C65DC-7377-472B-9ABA-BC803B73C61A}") = "BreakoutJS", "BreakoutJS\", "{628FADC9-28E2-4243-BFE8-3174F9B01552}"
	ProjectSection(WebsiteProperties) = preProject
		TargetFrameworkMoniker = ".NETFramework,Version%3Dv4.6.1"
		Debug.AspNetCompiler.VirtualPath = "/localhost_50166"
		Debug.AspNetCompiler.PhysicalPath = "BreakoutJS\"
		Debug.AspNetCompiler.TargetPath = "PrecompiledWeb\localhost_50166\"
		Debug.AspNetCompiler.Updateable = "true"
		Debug.AspNetCompiler.ForceOverwrite = "true"
		Debug.AspNetCompiler.FixedNames = "false"
		Debug.AspNetCompiler.Debug = "True"
		Release.AspNetCompiler.VirtualPath = "/localhost_50166"
		Release.AspNetCompiler.PhysicalPath = "BreakoutJS\"
		Release.AspNetCompiler.TargetPath = "PrecompiledWeb\localhost_50166\"
		Release.AspNetCompiler.Updateable = "true"
		Release.AspNetCompiler.ForceOverwrite = "true"
		Release.AspNetCompiler.FixedNames = "false"
		Release.AspNetCompiler.Debug = "False"
		VWDPort = "50166"
		SlnRelativePath = "BreakoutJS\"
		DefaultWebSiteLanguage = "Visual C#"
	EndProjectSection
EndProject
Global
	GlobalSection(SolutionConfigurationPlatforms) = preSolution
		Debug|Any CPU = Debug|Any CPU
	EndGlobalSection
	GlobalSection(ProjectConfigurationPlatforms) = postSolution
		{628FADC9-28E2-4243-BFE8-3174F9B01552}.Debug|Any CPU.ActiveCfg = Debug|Any CPU
		{628FADC9-28E2-4243-BFE8-3174F9B01552}.Debug|Any CPU.Build.0 = Debug|Any CPU
	EndGlobalSection
	GlobalSection(SolutionProperties) = preSolution
		HideSolutionNode = FALSE
	EndGlobalSection
	GlobalSection(ExtensibilityGlobals) = postSolution
		SolutionGuid = {FD975E10-263C-4692-9352-DE61AB5DC1F6}
	EndGlobalSection
EndGlobal
