
Microsoft Visual Studio Solution File, Format Version 12.00
# Visual Studio 15
VisualStudioVersion = 15.0.28307.168
MinimumVisualStudioVersion = 10.0.40219.1
Project("{FAE04EC0-301F-11D3-BF4B-00C04F79EFBC}") = "ChatTest", "ChatTest\ChatTest.csproj", "{C49902C3-7457-4D69-902A-8159B7844585}"
EndProject
Global
	GlobalSection(SolutionConfigurationPlatforms) = preSolution
		Debug|Any CPU = Debug|Any CPU
		Release|Any CPU = Release|Any CPU
	EndGlobalSection
	GlobalSection(ProjectConfigurationPlatforms) = postSolution
		{C49902C3-7457-4D69-902A-8159B7844585}.Debug|Any CPU.ActiveCfg = Debug|Any CPU
		{C49902C3-7457-4D69-902A-8159B7844585}.Debug|Any CPU.Build.0 = Debug|Any CPU
		{C49902C3-7457-4D69-902A-8159B7844585}.Release|Any CPU.ActiveCfg = Release|Any CPU
		{C49902C3-7457-4D69-902A-8159B7844585}.Release|Any CPU.Build.0 = Release|Any CPU
	EndGlobalSection
	GlobalSection(SolutionProperties) = preSolution
		HideSolutionNode = FALSE
	EndGlobalSection
	GlobalSection(ExtensibilityGlobals) = postSolution
		SolutionGuid = {04489FFC-15DA-4A9D-A4A6-C5FD21C32BD0}
	EndGlobalSection
EndGlobal
