
Microsoft Visual Studio Solution File, Format Version 12.00
# Visual Studio 15
VisualStudioVersion = 15.0.28307.136
MinimumVisualStudioVersion = 10.0.40219.1
Project("{FAE04EC0-301F-11D3-BF4B-00C04F79EFBC}") = "libtest1", "libtest1\libtest1.csproj", "{C8248114-0138-4862-A7BE-86BCCB33B882}"
EndProject
Project("{FAE04EC0-301F-11D3-BF4B-00C04F79EFBC}") = "LibraryData", "LibraryData\LibraryData.csproj", "{931C24C1-1D41-4963-A2DE-DBDA1D02BA49}"
EndProject
Global
	GlobalSection(SolutionConfigurationPlatforms) = preSolution
		Debug|Any CPU = Debug|Any CPU
		Release|Any CPU = Release|Any CPU
	EndGlobalSection
	GlobalSection(ProjectConfigurationPlatforms) = postSolution
		{C8248114-0138-4862-A7BE-86BCCB33B882}.Debug|Any CPU.ActiveCfg = Debug|Any CPU
		{C8248114-0138-4862-A7BE-86BCCB33B882}.Debug|Any CPU.Build.0 = Debug|Any CPU
		{C8248114-0138-4862-A7BE-86BCCB33B882}.Release|Any CPU.ActiveCfg = Release|Any CPU
		{C8248114-0138-4862-A7BE-86BCCB33B882}.Release|Any CPU.Build.0 = Release|Any CPU
		{931C24C1-1D41-4963-A2DE-DBDA1D02BA49}.Debug|Any CPU.ActiveCfg = Debug|Any CPU
		{931C24C1-1D41-4963-A2DE-DBDA1D02BA49}.Debug|Any CPU.Build.0 = Debug|Any CPU
		{931C24C1-1D41-4963-A2DE-DBDA1D02BA49}.Release|Any CPU.ActiveCfg = Release|Any CPU
		{931C24C1-1D41-4963-A2DE-DBDA1D02BA49}.Release|Any CPU.Build.0 = Release|Any CPU
	EndGlobalSection
	GlobalSection(SolutionProperties) = preSolution
		HideSolutionNode = FALSE
	EndGlobalSection
	GlobalSection(ExtensibilityGlobals) = postSolution
		SolutionGuid = {F2FA4F16-C9AC-492C-BA6A-D78E9CE86622}
	EndGlobalSection
EndGlobal
